// !$*UTF8*$!
{
	archiveVersion = 1;
	classes = {
	};
	objectVersion = 50;
	objects = {

/* Begin PBXBuildFile section */
		B73CFFB924D9A082002E932A /* Response.swift in Sources */ = {isa = PBXBuildFile; fileRef = B73CFFB824D9A082002E932A /* Response.swift */; };
		B758903824DD740800AE8525 /* VideoTableViewCell.swift in Sources */ = {isa = PBXBuildFile; fileRef = B758903724DD740800AE8525 /* VideoTableViewCell.swift */; };
		B758904224DD9FEF00AE8525 /* CacheManager.swift in Sources */ = {isa = PBXBuildFile; fileRef = B758904124DD9FEF00AE8525 /* CacheManager.swift */; };
		B7894E7524D5994900269699 /* AppDelegate.swift in Sources */ = {isa = PBXBuildFile; fileRef = B7894E7424D5994900269699 /* AppDelegate.swift */; };
		B7894E7724D5994900269699 /* SceneDelegate.swift in Sources */ = {isa = PBXBuildFile; fileRef = B7894E7624D5994900269699 /* SceneDelegate.swift */; };
		B7894E7924D5994900269699 /* ViewController.swift in Sources */ = {isa = PBXBuildFile; fileRef = B7894E7824D5994900269699 /* ViewController.swift */; };
		B7894E7C24D5994900269699 /* Main.storyboard in Resources */ = {isa = PBXBuildFile; fileRef = B7894E7A24D5994900269699 /* Main.storyboard */; };
		B7894E7E24D5994D00269699 /* Assets.xcassets in Resources */ = {isa = PBXBuildFile; fileRef = B7894E7D24D5994D00269699 /* Assets.xcassets */; };
		B7894E8124D5994D00269699 /* LaunchScreen.storyboard in Resources */ = {isa = PBXBuildFile; fileRef = B7894E7F24D5994D00269699 /* LaunchScreen.storyboard */; };
		B7FEFC5224D85FC40085568F /* Constants.swift in Sources */ = {isa = PBXBuildFile; fileRef = B7FEFC5124D85FC40085568F /* Constants.swift */; };
		B7FEFC5424D862D10085568F /* Video.swift in Sources */ = {isa = PBXBuildFile; fileRef = B7FEFC5324D862D10085568F /* Video.swift */; };
		B7FEFC5624D863A60085568F /* Model.swift in Sources */ = {isa = PBXBuildFile; fileRef = B7FEFC5524D863A60085568F /* Model.swift */; };
/* End PBXBuildFile section */

/* Begin PBXFileReference section */
		B73CFFB824D9A082002E932A /* Response.swift */ = {isa = PBXFileReference; lastKnownFileType = sourcecode.swift; path = Response.swift; sourceTree = "<group>"; };
		B758903724DD740800AE8525 /* VideoTableViewCell.swift */ = {isa = PBXFileReference; lastKnownFileType = sourcecode.swift; path = VideoTableViewCell.swift; sourceTree = "<group>"; };
		B758904124DD9FEF00AE8525 /* CacheManager.swift */ = {isa = PBXFileReference; lastKnownFileType = sourcecode.swift; path = CacheManager.swift; sourceTree = "<group>"; };
		B7894E7124D5994900269699 /* youtube-onedaybuild.app */ = {isa = PBXFileReference; explicitFileType = wrapper.application; includeInIndex = 0; path = "youtube-onedaybuild.app"; sourceTree = BUILT_PRODUCTS_DIR; };
		B7894E7424D5994900269699 /* AppDelegate.swift */ = {isa = PBXFileReference; lastKnownFileType = sourcecode.swift; path = AppDelegate.swift; sourceTree = "<group>"; };
		B7894E7624D5994900269699 /* SceneDelegate.swift */ = {isa = PBXFileReference; lastKnownFileType = sourcecode.swift; path = SceneDelegate.swift; sourceTree = "<group>"; };
		B7894E7824D5994900269699 /* ViewController.swift */ = {isa = PBXFileReference; lastKnownFileType = sourcecode.swift; path = ViewController.swift; sourceTree = "<group>"; };
		B7894E7B24D5994900269699 /* Base */ = {isa = PBXFileReference; lastKnownFileType = file.storyboard; name = Base; path = Base.lproj/Main.storyboard; sourceTree = "<group>"; };
		B7894E7D24D5994D00269699 /* Assets.xcassets */ = {isa = PBXFileReference; lastKnownFileType = folder.assetcatalog; path = Assets.xcassets; sourceTree = "<group>"; };
		B7894E8024D5994D00269699 /* Base */ = {isa = PBXFileReference; lastKnownFileType = file.storyboard; name = Base; path = Base.lproj/LaunchScreen.storyboard; sourceTree = "<group>"; };
		B7894E8224D5994D00269699 /* Info.plist */ = {isa = PBXFileReference; lastKnownFileType = text.plist.xml; path = Info.plist; sourceTree = "<group>"; };
		B7FEFC5124D85FC40085568F /* Constants.swift */ = {isa = PBXFileReference; lastKnownFileType = sourcecode.swift; path = Constants.swift; sourceTree = "<group>"; };
		B7FEFC5324D862D10085568F /* Video.swift */ = {isa = PBXFileReference; lastKnownFileType = sourcecode.swift; path = Video.swift; sourceTree = "<group>"; };
		B7FEFC5524D863A60085568F /* Model.swift */ = {isa = PBXFileReference; lastKnownFileType = sourcecode.swift; path = Model.swift; sourceTree = "<group>"; };
/* End PBXFileReference section */

/* Begin PBXFrameworksBuildPhase section */
		B7894E6E24D5994900269699 /* Frameworks */ = {
			isa = PBXFrameworksBuildPhase;
			buildActionMask = 2147483647;
			files = (
			);
			runOnlyForDeploymentPostprocessing = 0;
		};
/* End PBXFrameworksBuildPhase section */

/* Begin PBXGroup section */
		B758903924DD747900AE8525 /* Models */ = {
			isa = PBXGroup;
			children = (
				B7FEFC5324D862D10085568F /* Video.swift */,
				B7FEFC5524D863A60085568F /* Model.swift */,
				B73CFFB824D9A082002E932A /* Response.swift */,
			);
			path = Models;
			sourceTree = "<group>";
		};
		B758903B24DD749900AE8525 /* Views */ = {
			isa = PBXGroup;
			children = (
				B758903724DD740800AE8525 /* VideoTableViewCell.swift */,
			);
			path = Views;
			sourceTree = "<group>";
		};
		B758903C24DD74B500AE8525 /* View Controllers */ = {
			isa = PBXGroup;
			children = (
				B7894E7824D5994900269699 /* ViewController.swift */,
			);
			path = "View Controllers";
			sourceTree = "<group>";
		};
		B758903D24DD74DC00AE8525 /* Helpers */ = {
			isa = PBXGroup;
			children = (
				B7FEFC5124D85FC40085568F /* Constants.swift */,
				B758904124DD9FEF00AE8525 /* CacheManager.swift */,
			);
			path = Helpers;
			sourceTree = "<group>";
		};
		B758903E24DD755000AE8525 /* Storyboards */ = {
			isa = PBXGroup;
			children = (
				B7894E7A24D5994900269699 /* Main.storyboard */,
				B7894E7F24D5994D00269699 /* LaunchScreen.storyboard */,
			);
			path = Storyboards;
			sourceTree = "<group>";
		};
		B7894E6824D5994900269699 = {
			isa = PBXGroup;
			children = (
				B7894E7324D5994900269699 /* youtube-onedaybuild */,
				B7894E7224D5994900269699 /* Products */,
			);
			sourceTree = "<group>";
		};
		B7894E7224D5994900269699 /* Products */ = {
			isa = PBXGroup;
			children = (
				B7894E7124D5994900269699 /* youtube-onedaybuild.app */,
			);
			name = Products;
			sourceTree = "<group>";
		};
		B7894E7324D5994900269699 /* youtube-onedaybuild */ = {
			isa = PBXGroup;
			children = (
				B7894E7424D5994900269699 /* AppDelegate.swift */,
				B7894E7624D5994900269699 /* SceneDelegate.swift */,
				B758903E24DD755000AE8525 /* Storyboards */,
				B758903D24DD74DC00AE8525 /* Helpers */,
				B758903C24DD74B500AE8525 /* View Controllers */,
				B758903B24DD749900AE8525 /* Views */,
				B758903924DD747900AE8525 /* Models */,
				B7894E7D24D5994D00269699 /* Assets.xcassets */,
				B7894E8224D5994D00269699 /* Info.plist */,
			);
			path = "youtube-onedaybuild";
			sourceTree = "<group>";
		};
/* End PBXGroup section */

/* Begin PBXNativeTarget section */
		B7894E7024D5994900269699 /* youtube-onedaybuild */ = {
			isa = PBXNativeTarget;
			buildConfigurationList = B7894E8524D5994D00269699 /* Build configuration list for PBXNativeTarget "youtube-onedaybuild" */;
			buildPhases = (
				B7894E6D24D5994900269699 /* Sources */,
				B7894E6E24D5994900269699 /* Frameworks */,
				B7894E6F24D5994900269699 /* Resources */,
			);
			buildRules = (
			);
			dependencies = (
			);
			name = "youtube-onedaybuild";
			productName = "youtube-onedaybuild";
			productReference = B7894E7124D5994900269699 /* youtube-onedaybuild.app */;
			productType = "com.apple.product-type.application";
		};
/* End PBXNativeTarget section */

/* Begin PBXProject section */
		B7894E6924D5994900269699 /* Project object */ = {
			isa = PBXProject;
			attributes = {
				LastSwiftUpdateCheck = 1160;
				LastUpgradeCheck = 1160;
				ORGANIZATIONNAME = "istana code";
				TargetAttributes = {
					B7894E7024D5994900269699 = {
						CreatedOnToolsVersion = 11.6;
					};
				};
			};
			buildConfigurationList = B7894E6C24D5994900269699 /* Build configuration list for PBXProject "youtube-onedaybuild" */;
			compatibilityVersion = "Xcode 9.3";
			developmentRegion = en;
			hasScannedForEncodings = 0;
			knownRegions = (
				en,
				Base,
			);
			mainGroup = B7894E6824D5994900269699;
			productRefGroup = B7894E7224D5994900269699 /* Products */;
			projectDirPath = "";
			projectRoot = "";
			targets = (
				B7894E7024D5994900269699 /* youtube-onedaybuild */,
			);
		};
/* End PBXProject section */

/* Begin PBXResourcesBuildPhase section */
		B7894E6F24D5994900269699 /* Resources */ = {
			isa = PBXResourcesBuildPhase;
			buildActionMask = 2147483647;
			files = (
				B7894E8124D5994D00269699 /* LaunchScreen.storyboard in Resources */,
				B7894E7E24D5994D00269699 /* Assets.xcassets in Resources */,
				B7894E7C24D5994900269699 /* Main.storyboard in Resources */,
			);
			runOnlyForDeploymentPostprocessing = 0;
		};
/* End PBXResourcesBuildPhase section */

/* Begin PBXSourcesBuildPhase section */
		B7894E6D24D5994900269699 /* Sources */ = {
			isa = PBXSourcesBuildPhase;
			buildActionMask = 2147483647;
			files = (
				B7894E7924D5994900269699 /* ViewController.swift in Sources */,
				B758904224DD9FEF00AE8525 /* CacheManager.swift in Sources */,
				B7894E7524D5994900269699 /* AppDelegate.swift in Sources */,
				B7894E7724D5994900269699 /* SceneDelegate.swift in Sources */,
				B7FEFC5624D863A60085568F /* Model.swift in Sources */,
				B7FEFC5224D85FC40085568F /* Constants.swift in Sources */,
				B758903824DD740800AE8525 /* VideoTableViewCell.swift in Sources */,
				B7FEFC5424D862D10085568F /* Video.swift in Sources */,
				B73CFFB924D9A082002E932A /* Response.swift in Sources */,
			);
			runOnlyForDeploymentPostprocessing = 0;
		};
/* End PBXSourcesBuildPhase section */

/* Begin PBXVariantGroup section */
		B7894E7A24D5994900269699 /* Main.storyboard */ = {
			isa = PBXVariantGroup;
			children = (
				B7894E7B24D5994900269699 /* Base */,
			);
			name = Main.storyboard;
			sourceTree = "<group>";
		};
		B7894E7F24D5994D00269699 /* LaunchScreen.storyboard */ = {
			isa = PBXVariantGroup;
			children = (
				B7894E8024D5994D00269699 /* Base */,
			);
			name = LaunchScreen.storyboard;
			sourceTree = "<group>";
		};
/* End PBXVariantGroup section */

/* Begin XCBuildConfiguration section */
		B7894E8324D5994D00269699 /* Debug */ = {
			isa = XCBuildConfiguration;
			buildSettings = {
				ALWAYS_SEARCH_USER_PATHS = NO;
				CLANG_ANALYZER_NONNULL = YES;
				CLANG_ANALYZER_NUMBER_OBJECT_CONVERSION = YES_AGGRESSIVE;
				CLANG_CXX_LANGUAGE_STANDARD = "gnu++14";
				CLANG_CXX_LIBRARY = "libc++";
				CLANG_ENABLE_MODULES = YES;
				CLANG_ENABLE_OBJC_ARC = YES;
				CLANG_ENABLE_OBJC_WEAK = YES;
				CLANG_WARN_BLOCK_CAPTURE_AUTORELEASING = YES;
				CLANG_WARN_BOOL_CONVERSION = YES;
				CLANG_WARN_COMMA = YES;
				CLANG_WARN_CONSTANT_CONVERSION = YES;
				CLANG_WARN_DEPRECATED_OBJC_IMPLEMENTATIONS = YES;
				CLANG_WARN_DIRECT_OBJC_ISA_USAGE = YES_ERROR;
				CLANG_WARN_DOCUMENTATION_COMMENTS = YES;
				CLANG_WARN_EMPTY_BODY = YES;
				CLANG_WARN_ENUM_CONVERSION = YES;
				CLANG_WARN_INFINITE_RECURSION = YES;
				CLANG_WARN_INT_CONVERSION = YES;
				CLANG_WARN_NON_LITERAL_NULL_CONVERSION = YES;
				CLANG_WARN_OBJC_IMPLICIT_RETAIN_SELF = YES;
				CLANG_WARN_OBJC_LITERAL_CONVERSION = YES;
				CLANG_WARN_OBJC_ROOT_CLASS = YES_ERROR;
				CLANG_WARN_RANGE_LOOP_ANALYSIS = YES;
				CLANG_WARN_STRICT_PROTOTYPES = YES;
				CLANG_WARN_SUSPICIOUS_MOVE = YES;
				CLANG_WARN_UNGUARDED_AVAILABILITY = YES_AGGRESSIVE;
				CLANG_WARN_UNREACHABLE_CODE = YES;
				CLANG_WARN__DUPLICATE_METHOD_MATCH = YES;
				COPY_PHASE_STRIP = NO;
				DEBUG_INFORMATION_FORMAT = dwarf;
				ENABLE_STRICT_OBJC_MSGSEND = YES;
				ENABLE_TESTABILITY = YES;
				GCC_C_LANGUAGE_STANDARD = gnu11;
				GCC_DYNAMIC_NO_PIC = NO;
				GCC_NO_COMMON_BLOCKS = YES;
				GCC_OPTIMIZATION_LEVEL = 0;
				GCC_PREPROCESSOR_DEFINITIONS = (
					"DEBUG=1",
					"$(inherited)",
				);
				GCC_WARN_64_TO_32_BIT_CONVERSION = YES;
				GCC_WARN_ABOUT_RETURN_TYPE = YES_ERROR;
				GCC_WARN_UNDECLARED_SELECTOR = YES;
				GCC_WARN_UNINITIALIZED_AUTOS = YES_AGGRESSIVE;
				GCC_WARN_UNUSED_FUNCTION = YES;
				GCC_WARN_UNUSED_VARIABLE = YES;
				IPHONEOS_DEPLOYMENT_TARGET = 13.6;
				MTL_ENABLE_DEBUG_INFO = INCLUDE_SOURCE;
				MTL_FAST_MATH = YES;
				ONLY_ACTIVE_ARCH = YES;
				SDKROOT = iphoneos;
				SWIFT_ACTIVE_COMPILATION_CONDITIONS = DEBUG;
				SWIFT_OPTIMIZATION_LEVEL = "-Onone";
			};
			name = Debug;
		};
		B7894E8424D5994D00269699 /* Release */ = {
			isa = XCBuildConfiguration;
			buildSettings = {
				ALWAYS_SEARCH_USER_PATHS = NO;
				CLANG_ANALYZER_NONNULL = YES;
				CLANG_ANALYZER_NUMBER_OBJECT_CONVERSION = YES_AGGRESSIVE;
				CLANG_CXX_LANGUAGE_STANDARD = "gnu++14";
				CLANG_CXX_LIBRARY = "libc++";
				CLANG_ENABLE_MODULES = YES;
				CLANG_ENABLE_OBJC_ARC = YES;
				CLANG_ENABLE_OBJC_WEAK = YES;
				CLANG_WARN_BLOCK_CAPTURE_AUTORELEASING = YES;
				CLANG_WARN_BOOL_CONVERSION = YES;
				CLANG_WARN_COMMA = YES;
				CLANG_WARN_CONSTANT_CONVERSION = YES;
				CLANG_WARN_DEPRECATED_OBJC_IMPLEMENTATIONS = YES;
				CLANG_WARN_DIRECT_OBJC_ISA_USAGE = YES_ERROR;
				CLANG_WARN_DOCUMENTATION_COMMENTS = YES;
				CLANG_WARN_EMPTY_BODY = YES;
				CLANG_WARN_ENUM_CONVERSION = YES;
				CLANG_WARN_INFINITE_RECURSION = YES;
				CLANG_WARN_INT_CONVERSION = YES;
				CLANG_WARN_NON_LITERAL_NULL_CONVERSION = YES;
				CLANG_WARN_OBJC_IMPLICIT_RETAIN_SELF = YES;
				CLANG_WARN_OBJC_LITERAL_CONVERSION = YES;
				CLANG_WARN_OBJC_ROOT_CLASS = YES_ERROR;
				CLANG_WARN_RANGE_LOOP_ANALYSIS = YES;
				CLANG_WARN_STRICT_PROTOTYPES = YES;
				CLANG_WARN_SUSPICIOUS_MOVE = YES;
				CLANG_WARN_UNGUARDED_AVAILABILITY = YES_AGGRESSIVE;
				CLANG_WARN_UNREACHABLE_CODE = YES;
				CLANG_WARN__DUPLICATE_METHOD_MATCH = YES;
				COPY_PHASE_STRIP = NO;
				DEBUG_INFORMATION_FORMAT = "dwarf-with-dsym";
				ENABLE_NS_ASSERTIONS = NO;
				ENABLE_STRICT_OBJC_MSGSEND = YES;
				GCC_C_LANGUAGE_STANDARD = gnu11;
				GCC_NO_COMMON_BLOCKS = YES;
				GCC_WARN_64_TO_32_BIT_CONVERSION = YES;
				GCC_WARN_ABOUT_RETURN_TYPE = YES_ERROR;
				GCC_WARN_UNDECLARED_SELECTOR = YES;
				GCC_WARN_UNINITIALIZED_AUTOS = YES_AGGRESSIVE;
				GCC_WARN_UNUSED_FUNCTION = YES;
				GCC_WARN_UNUSED_VARIABLE = YES;
				IPHONEOS_DEPLOYMENT_TARGET = 13.6;
				MTL_ENABLE_DEBUG_INFO = NO;
				MTL_FAST_MATH = YES;
				SDKROOT = iphoneos;
				SWIFT_COMPILATION_MODE = wholemodule;
				SWIFT_OPTIMIZATION_LEVEL = "-O";
				VALIDATE_PRODUCT = YES;
			};
			name = Release;
		};
		B7894E8624D5994D00269699 /* Debug */ = {
			isa = XCBuildConfiguration;
			buildSettings = {
				ASSETCATALOG_COMPILER_APPICON_NAME = AppIcon;
				CODE_SIGN_STYLE = Automatic;
				DEVELOPMENT_TEAM = T36686BA6K;
				INFOPLIST_FILE = "youtube-onedaybuild/Info.plist";
				LD_RUNPATH_SEARCH_PATHS = (
					"$(inherited)",
					"@executable_path/Frameworks",
				);
				PRODUCT_BUNDLE_IDENTIFIER = "com.istanacode.swift5.youtube-onedaybuild";
				PRODUCT_NAME = "$(TARGET_NAME)";
				SWIFT_VERSION = 5.0;
				TARGETED_DEVICE_FAMILY = "1,2";
			};
			name = Debug;
		};
		B7894E8724D5994D00269699 /* Release */ = {
			isa = XCBuildConfiguration;
			buildSettings = {
				ASSETCATALOG_COMPILER_APPICON_NAME = AppIcon;
				CODE_SIGN_STYLE = Automatic;
				DEVELOPMENT_TEAM = T36686BA6K;
				INFOPLIST_FILE = "youtube-onedaybuild/Info.plist";
				LD_RUNPATH_SEARCH_PATHS = (
					"$(inherited)",
					"@executable_path/Frameworks",
				);
				PRODUCT_BUNDLE_IDENTIFIER = "com.istanacode.swift5.youtube-onedaybuild";
				PRODUCT_NAME = "$(TARGET_NAME)";
				SWIFT_VERSION = 5.0;
				TARGETED_DEVICE_FAMILY = "1,2";
			};
			name = Release;
		};
/* End XCBuildConfiguration section */

/* Begin XCConfigurationList section */
		B7894E6C24D5994900269699 /* Build configuration list for PBXProject "youtube-onedaybuild" */ = {
			isa = XCConfigurationList;
			buildConfigurations = (
				B7894E8324D5994D00269699 /* Debug */,
				B7894E8424D5994D00269699 /* Release */,
			);
			defaultConfigurationIsVisible = 0;
			defaultConfigurationName = Release;
		};
		B7894E8524D5994D00269699 /* Build configuration list for PBXNativeTarget "youtube-onedaybuild" */ = {
			isa = XCConfigurationList;
			buildConfigurations = (
				B7894E8624D5994D00269699 /* Debug */,
				B7894E8724D5994D00269699 /* Release */,
			);
			defaultConfigurationIsVisible = 0;
			defaultConfigurationName = Release;
		};
/* End XCConfigurationList section */
	};
	rootObject = B7894E6924D5994900269699 /* Project object */;
}
